<?xml version="1.0" encoding="utf-8"?>
<Project ToolsVersion="4.0" xmlns="http://schemas.microsoft.com/developer/msbuild/2003">
  <ItemGroup>
    <Filter Include="ソース ファイル">
      <UniqueIdentifier>{4FC737F1-C7A5-4376-A066-2A32D752A2FF}</UniqueIdentifier>
      <Extensions>cpp;c;cc;cxx;c++;cppm;ixx;def;odl;idl;hpj;bat;asm;asmx</Extensions>
    </Filter>
    <Filter Include="ヘッダー ファイル">
      <UniqueIdentifier>{93995380-89BD-4b04-88EB-625FBE52EBFB}</UniqueIdentifier>
      <Extensions>h;hh;hpp;hxx;h++;hm;inl;inc;ipp;xsd</Extensions>
    </Filter>
    <Filter Include="リソース ファイル">
      <UniqueIdentifier>{67DA6AB6-F800-4c08-8B7A-83BB121AAD01}</UniqueIdentifier>
      <Extensions>rc;ico;cur;bmp;dlg;rc2;rct;bin;rgs;gif;jpg;jpeg;jpe;resx;tiff;tif;png;wav;mfcribbon-ms</Extensions>
    </Filter>
    <Filter Include="シェーダーファイル">
      <UniqueIdentifier>{35b2991b-0b2d-4236-bcc7-bff4e7cebca5}</UniqueIdentifier>
    </Filter>
    <Filter Include="ソース ファイル\engine">
      <UniqueIdentifier>{1427e2fa-3b8d-4c09-a616-48f2d402d30a}</UniqueIdentifier>
    </Filter>
    <Filter Include="ソース ファイル\application">
      <UniqueIdentifier>{e6499189-54c0-4da2-b30f-dd7754e871d1}</UniqueIdentifier>
    </Filter>
    <Filter Include="ソース ファイル\engine\2d">
      <UniqueIdentifier>{302a1b6a-5860-47e4-b60b-591e7f37d6a2}</UniqueIdentifier>
    </Filter>
    <Filter Include="ヘッダー ファイル\engine">
      <UniqueIdentifier>{222fbdf5-2e13-4a84-92fe-1ff3a024c598}</UniqueIdentifier>
    </Filter>
    <Filter Include="ヘッダー ファイル\application">
      <UniqueIdentifier>{68ac1e68-0784-4a17-9eba-255788cf8700}</UniqueIdentifier>
    </Filter>
    <Filter Include="ヘッダー ファイル\engine\2d">
      <UniqueIdentifier>{85f50cb2-6499-433e-bfcc-be6595ce7ea0}</UniqueIdentifier>
    </Filter>
    <Filter Include="ソース ファイル\engine\3d">
      <UniqueIdentifier>{cb824781-a9fd-40d0-863e-802f5847194d}</UniqueIdentifier>
    </Filter>
    <Filter Include="ヘッダー ファイル\engine\3d">
      <UniqueIdentifier>{a994cb93-1b20-4827-88fd-2130422db6e5}</UniqueIdentifier>
    </Filter>
    <Filter Include="ソース ファイル\engine\base">
      <UniqueIdentifier>{49ee71c0-2d09-485d-8236-98031c45ae82}</UniqueIdentifier>
    </Filter>
    <Filter Include="ヘッダー ファイル\engine\base">
      <UniqueIdentifier>{8712e9f9-9a95-4db3-b99f-420aa92e47ca}</UniqueIdentifier>
    </Filter>
    <Filter Include="ソース ファイル\engine\math">
      <UniqueIdentifier>{462a197f-6b63-497f-85ad-4194b4311867}</UniqueIdentifier>
    </Filter>
    <Filter Include="ヘッダー ファイル\engine\math">
      <UniqueIdentifier>{dc6b16ea-68b4-4340-9ff1-ec6ad6ef7970}</UniqueIdentifier>
    </Filter>
    <Filter Include="ソース ファイル\engine\io">
      <UniqueIdentifier>{f049e120-43f5-48cc-b223-c4925663a1d3}</UniqueIdentifier>
    </Filter>
    <Filter Include="ヘッダー ファイル\engine\io">
      <UniqueIdentifier>{b23a41f7-16b6-4ec6-9b82-d83fc5b7a09e}</UniqueIdentifier>
    </Filter>
    <Filter Include="ヘッダー ファイル\engine\audio">
      <UniqueIdentifier>{d66744f3-cd38-469f-939c-d154687da764}</UniqueIdentifier>
    </Filter>
    <Filter Include="ソース ファイル\engine\audio">
      <UniqueIdentifier>{aad744fc-f821-442f-96cd-c335cf75efa8}</UniqueIdentifier>
    </Filter>
    <Filter Include="ソース ファイル\engine\scene">
      <UniqueIdentifier>{aaa2918b-b6f8-4d61-b3ff-9980a23e6f89}</UniqueIdentifier>
    </Filter>
    <Filter Include="ヘッダー ファイル\engine\scene">
      <UniqueIdentifier>{826c8a22-0453-4092-a350-d810c71b786d}</UniqueIdentifier>
    </Filter>
    <Filter Include="ソース ファイル\engine\manager">
      <UniqueIdentifier>{00a87104-df81-4ca0-8107-66c7c08313e4}</UniqueIdentifier>
    </Filter>
    <Filter Include="ヘッダー ファイル\engine\manager">
      <UniqueIdentifier>{1c7ba8e9-0280-4497-8bd7-9932df2f4a02}</UniqueIdentifier>
    </Filter>
    <Filter Include="ソース ファイル\engine\debug">
      <UniqueIdentifier>{53b045b6-4f95-4c4c-a40c-5f5e0e11f65b}</UniqueIdentifier>
    </Filter>
    <Filter Include="ヘッダー ファイル\engine\debug">
      <UniqueIdentifier>{952ce3c1-e128-4fcf-989c-220f749537fa}</UniqueIdentifier>
    </Filter>
    <Filter Include="ヘッダー ファイル\engine\partcle">
      <UniqueIdentifier>{c8fcffbc-51bc-4c3b-b234-11ebf0e8e329}</UniqueIdentifier>
    </Filter>
    <Filter Include="ヘッダー ファイル\engine\camera">
      <UniqueIdentifier>{e66600bd-9dc5-4592-9317-d5ffe2430b08}</UniqueIdentifier>
    </Filter>
    <Filter Include="ソース ファイル\engine\particle">
      <UniqueIdentifier>{31d2c15b-3c71-43b5-807f-8d4978f31843}</UniqueIdentifier>
    </Filter>
    <Filter Include="ソース ファイル\engine\camera">
      <UniqueIdentifier>{c7391839-f01a-4611-9ba2-1dd50459bc39}</UniqueIdentifier>
    </Filter>
    <Filter Include="ソース ファイル\application\enemy">
      <UniqueIdentifier>{bc9c9c3b-9c90-4034-9172-ece894538679}</UniqueIdentifier>
    </Filter>
    <Filter Include="ヘッダー ファイル\application\enemy">
      <UniqueIdentifier>{bb004176-62fd-4d42-b203-f2f5ee9937c3}</UniqueIdentifier>
    </Filter>
    <Filter Include="ヘッダー ファイル\application\manager">
      <UniqueIdentifier>{16fa1216-45c0-446c-8586-7f6a8743cf11}</UniqueIdentifier>
    </Filter>
    <Filter Include="ソース ファイル\application\manager">
      <UniqueIdentifier>{9fb375eb-2036-4d89-a0dd-62a189e881e7}</UniqueIdentifier>
    </Filter>
    <Filter Include="ソース ファイル\application\platform">
      <UniqueIdentifier>{942a55fa-8484-451d-b790-f97af0de2bf6}</UniqueIdentifier>
    </Filter>
    <Filter Include="ヘッダー ファイル\application\platform">
      <UniqueIdentifier>{010770db-b539-4930-88f9-1564cb66eb5f}</UniqueIdentifier>
    </Filter>
    <Filter Include="ヘッダー ファイル\application\player">
      <UniqueIdentifier>{bdb67764-2da8-419f-927b-2bbf0dd9aea4}</UniqueIdentifier>
    </Filter>
    <Filter Include="ソース ファイル\application\player">
      <UniqueIdentifier>{75eadec9-ec69-4c31-9ee3-529f39e109f4}</UniqueIdentifier>
    </Filter>
    <Filter Include="ソース ファイル\application\scene">
      <UniqueIdentifier>{a404b20d-2f50-4e92-8fc1-0658a318a7af}</UniqueIdentifier>
    </Filter>
    <Filter Include="ヘッダー ファイル\application\scene">
      <UniqueIdentifier>{0ad9d37c-3aac-479f-aaa4-81871575397d}</UniqueIdentifier>
    </Filter>
    <Filter Include="ヘッダー ファイル\application\skybox">
      <UniqueIdentifier>{f0539766-9f79-4893-aa8e-b26842791717}</UniqueIdentifier>
    </Filter>
    <Filter Include="ソース ファイル\application\skybox">
      <UniqueIdentifier>{f51fb4a6-50cb-4f12-8b61-cf283967e362}</UniqueIdentifier>
    </Filter>
    <Filter Include="ソース ファイル\application\skydome">
      <UniqueIdentifier>{05c245d6-c626-4cf0-9671-3098e50e7663}</UniqueIdentifier>
    </Filter>
    <Filter Include="ヘッダー ファイル\application\skydome">
      <UniqueIdentifier>{516b0b0c-36b0-4003-86e9-2d60af0e044a}</UniqueIdentifier>
    </Filter>
    <Filter Include="ヘッダー ファイル\application\titleobject">
      <UniqueIdentifier>{8966b2a9-83e4-4f67-8b41-ece9934c1a2e}</UniqueIdentifier>
    </Filter>
    <Filter Include="ソース ファイル\application\titleobject">
      <UniqueIdentifier>{fc338709-39ed-465d-9c65-baf52a3d5953}</UniqueIdentifier>
    </Filter>
    <Filter Include="ソース ファイル\application\fade">
      <UniqueIdentifier>{57064972-778f-4455-8120-19ec3069b693}</UniqueIdentifier>
    </Filter>
    <Filter Include="ヘッダー ファイル\application\fade">
      <UniqueIdentifier>{d4deb4ba-45cd-4b15-8a1c-a975dc7d4ae9}</UniqueIdentifier>
    </Filter>
  </ItemGroup>
  <ItemGroup>
    <ClCompile Include="main.cpp">
      <Filter>ソース ファイル</Filter>
    </ClCompile>
    <ClCompile Include="externals\imgui\imgui_demo.cpp">
      <Filter>ソース ファイル</Filter>
    </ClCompile>
    <ClCompile Include="externals\imgui\imgui_draw.cpp">
      <Filter>ソース ファイル</Filter>
    </ClCompile>
    <ClCompile Include="externals\imgui\imgui_impl_dx12.cpp">
      <Filter>ソース ファイル</Filter>
    </ClCompile>
    <ClCompile Include="externals\imgui\imgui_impl_win32.cpp">
      <Filter>ソース ファイル</Filter>
    </ClCompile>
    <ClCompile Include="externals\imgui\imgui_tables.cpp">
      <Filter>ソース ファイル</Filter>
    </ClCompile>
    <ClCompile Include="externals\imgui\imgui_widgets.cpp">
      <Filter>ソース ファイル</Filter>
    </ClCompile>
    <ClCompile Include="engine\io\Input.cpp">
      <Filter>ソース ファイル\engine\io</Filter>
    </ClCompile>
    <ClCompile Include="engine\manager\TextureManager.cpp">
      <Filter>ソース ファイル\engine\manager</Filter>
    </ClCompile>
    <ClCompile Include="engine\manager\ModelManager.cpp">
      <Filter>ソース ファイル\engine\manager</Filter>
    </ClCompile>
    <ClCompile Include="engine\2d\Sprite.cpp">
      <Filter>ソース ファイル\engine\2d</Filter>
    </ClCompile>
    <ClCompile Include="engine\2d\SpriteBase.cpp">
      <Filter>ソース ファイル\engine\2d</Filter>
    </ClCompile>
    <ClCompile Include="engine\3d\Model.cpp">
      <Filter>ソース ファイル\engine\3d</Filter>
    </ClCompile>
    <ClCompile Include="engine\3d\ModelBase.cpp">
      <Filter>ソース ファイル\engine\3d</Filter>
    </ClCompile>
    <ClCompile Include="engine\3d\Object3d.cpp">
      <Filter>ソース ファイル\engine\3d</Filter>
    </ClCompile>
    <ClCompile Include="engine\3d\Object3dBase.cpp">
      <Filter>ソース ファイル\engine\3d</Filter>
    </ClCompile>
    <ClCompile Include="engine\base\DirectXBase.cpp">
      <Filter>ソース ファイル\engine\base</Filter>
    </ClCompile>
    <ClCompile Include="engine\base\Framework.cpp">
      <Filter>ソース ファイル\engine\base</Filter>
    </ClCompile>
    <ClCompile Include="engine\base\MyGame.cpp">
      <Filter>ソース ファイル\engine\base</Filter>
    </ClCompile>
    <ClCompile Include="engine\base\Pso.cpp">
      <Filter>ソース ファイル\engine\base</Filter>
    </ClCompile>
    <ClCompile Include="engine\base\StringUtility.cpp">
      <Filter>ソース ファイル\engine\base</Filter>
    </ClCompile>
    <ClCompile Include="engine\base\WindowsAPI.cpp">
      <Filter>ソース ファイル\engine\base</Filter>
    </ClCompile>
    <ClCompile Include="engine\Audio\Audio.cpp">
      <Filter>ソース ファイル\engine\audio</Filter>
    </ClCompile>
    <ClCompile Include="engine\scene\BaseScene.cpp">
      <Filter>ソース ファイル\engine\scene</Filter>
    </ClCompile>
    <ClCompile Include="engine\scene\SceneFactory.cpp">
      <Filter>ソース ファイル\engine\scene</Filter>
    </ClCompile>
    <ClCompile Include="engine\manager\CameraManager.cpp">
      <Filter>ソース ファイル\engine\manager</Filter>
    </ClCompile>
    <ClCompile Include="engine\manager\ImGuiManager.cpp">
      <Filter>ソース ファイル\engine\manager</Filter>
    </ClCompile>
    <ClCompile Include="engine\manager\SrvManager.cpp">
      <Filter>ソース ファイル\engine\manager</Filter>
    </ClCompile>
    <ClCompile Include="engine\manager\SceneManager.cpp">
      <Filter>ソース ファイル\engine\manager</Filter>
    </ClCompile>
    <ClCompile Include="engine\manager\ParticleManager.cpp">
      <Filter>ソース ファイル\engine\manager</Filter>
    </ClCompile>
    <ClCompile Include="engine\manager\JsonManager.cpp">
      <Filter>ソース ファイル\engine\manager</Filter>
    </ClCompile>
    <ClCompile Include="engine\debug\D3DResourceLeakChecker.cpp">
      <Filter>ソース ファイル\engine\debug</Filter>
    </ClCompile>
    <ClCompile Include="engine\debug\Logger.cpp">
      <Filter>ソース ファイル\engine\debug</Filter>
    </ClCompile>
    <ClCompile Include="engine\camera\Camera.cpp">
      <Filter>ソース ファイル\engine\camera</Filter>
    </ClCompile>
    <ClCompile Include="engine\Particle\ParticleEmitter.cpp">
      <Filter>ソース ファイル\engine\particle</Filter>
    </ClCompile>
    <ClCompile Include="engine\math\MyMath.cpp">
      <Filter>ソース ファイル\engine\math</Filter>
    </ClCompile>
    <ClCompile Include="game\enemy\Enemy.cpp">
      <Filter>ソース ファイル\application\enemy</Filter>
    </ClCompile>
    <ClCompile Include="game\enemy\EnemyBullet.cpp">
      <Filter>ソース ファイル\application\enemy</Filter>
    </ClCompile>
    <ClCompile Include="game\manager\CollisionManager.cpp">
      <Filter>ソース ファイル\application\manager</Filter>
    </ClCompile>
    <ClCompile Include="engine\manager\FadeManager.cpp">
      <Filter>ソース ファイル\application\manager</Filter>
    </ClCompile>
    <ClCompile Include="game\platform\Platform.cpp">
      <Filter>ソース ファイル\application\platform</Filter>
    </ClCompile>
    <ClCompile Include="game\player\Player.cpp">
      <Filter>ソース ファイル\application\player</Filter>
    </ClCompile>
    <ClCompile Include="game\player\playerBullet.cpp">
      <Filter>ソース ファイル\application\player</Filter>
    </ClCompile>
    <ClCompile Include="game\scene\GameClearScene.cpp">
      <Filter>ソース ファイル\application\scene</Filter>
    </ClCompile>
    <ClCompile Include="game\scene\GameScene.cpp">
      <Filter>ソース ファイル\application\scene</Filter>
    </ClCompile>
    <ClCompile Include="game\scene\GameSelectScene.cpp">
      <Filter>ソース ファイル\application\scene</Filter>
    </ClCompile>
    <ClCompile Include="game\scene\TitleScene.cpp">
      <Filter>ソース ファイル\application\scene</Filter>
    </ClCompile>
    <ClCompile Include="game\skybox\Skybox.cpp">
      <Filter>ソース ファイル\application\skybox</Filter>
    </ClCompile>
    <ClCompile Include="game\skydome\Skydome.cpp">
      <Filter>ソース ファイル\application\skydome</Filter>
    </ClCompile>
    <ClCompile Include="game\titleObject\TitleObject.cpp">
      <Filter>ソース ファイル\application\titleobject</Filter>
    </ClCompile>
    <ClCompile Include="externals\imgui\imgui.cpp">
      <Filter>ソース ファイル</Filter>
    </ClCompile>
    <ClCompile Include="engine\math\WorldTransform.cpp">
      <Filter>ソース ファイル\engine\math</Filter>
    </ClCompile>
    <ClCompile Include="game\fade\Fade.cpp">
      <Filter>ソース ファイル\application\fade</Filter>
    </ClCompile>
    <ClCompile Include="game\railcamera\RailCamera.cpp">
      <Filter>ソース ファイル</Filter>
    </ClCompile>
    <ClCompile Include="game\scene\GameOverScene.cpp">
      <Filter>ソース ファイル</Filter>
    </ClCompile>
  </ItemGroup>
  <ItemGroup>
    <ClInclude Include="externals\imgui\imgui.h">
      <Filter>ヘッダー ファイル</Filter>
    </ClInclude>
    <ClInclude Include="externals\imgui\imgui_impl_dx12.h">
      <Filter>ヘッダー ファイル</Filter>
    </ClInclude>
    <ClInclude Include="externals\imgui\imgui_impl_win32.h">
      <Filter>ヘッダー ファイル</Filter>
    </ClInclude>
    <ClInclude Include="externals\imgui\imgui_internal.h">
      <Filter>ヘッダー ファイル</Filter>
    </ClInclude>
    <ClInclude Include="externals\imgui\imstb_rectpack.h">
      <Filter>ヘッダー ファイル</Filter>
    </ClInclude>
    <ClInclude Include="externals\imgui\imstb_textedit.h">
      <Filter>ヘッダー ファイル</Filter>
    </ClInclude>
    <ClInclude Include="externals\imgui\imstb_truetype.h">
      <Filter>ヘッダー ファイル</Filter>
    </ClInclude>
    <ClInclude Include="engine\2d\Sprite.h">
      <Filter>ヘッダー ファイル\engine\2d</Filter>
    </ClInclude>
    <ClInclude Include="engine\2d\SpriteBase.h">
      <Filter>ヘッダー ファイル\engine\2d</Filter>
    </ClInclude>
    <ClInclude Include="engine\3d\Model.h">
      <Filter>ヘッダー ファイル\engine\3d</Filter>
    </ClInclude>
    <ClInclude Include="engine\3d\ModelBase.h">
      <Filter>ヘッダー ファイル\engine\3d</Filter>
    </ClInclude>
    <ClInclude Include="engine\3d\Object3d.h">
      <Filter>ヘッダー ファイル\engine\3d</Filter>
    </ClInclude>
    <ClInclude Include="engine\3d\Object3dBase.h">
      <Filter>ヘッダー ファイル\engine\3d</Filter>
    </ClInclude>
    <ClInclude Include="engine\base\DirectXBase.h">
      <Filter>ヘッダー ファイル\engine\base</Filter>
    </ClInclude>
    <ClInclude Include="engine\base\Framework.h">
      <Filter>ヘッダー ファイル\engine\base</Filter>
    </ClInclude>
    <ClInclude Include="engine\base\MyGame.h">
      <Filter>ヘッダー ファイル\engine\base</Filter>
    </ClInclude>
    <ClInclude Include="engine\base\Pso.h">
      <Filter>ヘッダー ファイル\engine\base</Filter>
    </ClInclude>
    <ClInclude Include="engine\base\StringUtility.h">
      <Filter>ヘッダー ファイル\engine\base</Filter>
    </ClInclude>
    <ClInclude Include="engine\base\WindowsAPI.h">
      <Filter>ヘッダー ファイル\engine\base</Filter>
    </ClInclude>
    <ClInclude Include="engine\io\Input.h">
      <Filter>ヘッダー ファイル\engine\io</Filter>
    </ClInclude>
    <ClInclude Include="engine\Audio\Audio.h">
      <Filter>ヘッダー ファイル\engine\audio</Filter>
    </ClInclude>
    <ClInclude Include="engine\scene\SceneFactory.h">
      <Filter>ヘッダー ファイル\engine\scene</Filter>
    </ClInclude>
    <ClInclude Include="engine\scene\BaseScene.h">
      <Filter>ヘッダー ファイル\engine\scene</Filter>
    </ClInclude>
    <ClInclude Include="engine\scene\AbstractSceneFactory.h">
      <Filter>ヘッダー ファイル\engine\scene</Filter>
    </ClInclude>
    <ClInclude Include="engine\manager\ModelManager.h">
      <Filter>ヘッダー ファイル\engine\manager</Filter>
    </ClInclude>
    <ClInclude Include="engine\manager\TextureManager.h">
      <Filter>ヘッダー ファイル\engine\manager</Filter>
    </ClInclude>
    <ClInclude Include="engine\manager\CameraManager.h">
      <Filter>ヘッダー ファイル\engine\manager</Filter>
    </ClInclude>
    <ClInclude Include="engine\manager\ImGuiManager.h">
      <Filter>ヘッダー ファイル\engine\manager</Filter>
    </ClInclude>
    <ClInclude Include="engine\manager\JsonManager.h">
      <Filter>ヘッダー ファイル\engine\manager</Filter>
    </ClInclude>
    <ClInclude Include="engine\manager\ParticleManager.h">
      <Filter>ヘッダー ファイル\engine\manager</Filter>
    </ClInclude>
    <ClInclude Include="engine\manager\SceneManager.h">
      <Filter>ヘッダー ファイル\engine\manager</Filter>
    </ClInclude>
    <ClInclude Include="engine\manager\SrvManager.h">
      <Filter>ヘッダー ファイル\engine\manager</Filter>
    </ClInclude>
    <ClInclude Include="engine\debug\D3DResourceLeakChecker.h">
      <Filter>ヘッダー ファイル\engine\debug</Filter>
    </ClInclude>
    <ClInclude Include="engine\debug\Logger.h">
      <Filter>ヘッダー ファイル\engine\debug</Filter>
    </ClInclude>
    <ClInclude Include="engine\camera\Camera.h">
      <Filter>ヘッダー ファイル\engine\camera</Filter>
    </ClInclude>
    <ClInclude Include="engine\Particle\ParticleEmitter.h">
      <Filter>ヘッダー ファイル\engine\partcle</Filter>
    </ClInclude>
    <ClInclude Include="engine\math\Struct.h">
      <Filter>ヘッダー ファイル\engine\math</Filter>
    </ClInclude>
    <ClInclude Include="engine\math\Matrix4x4.h">
      <Filter>ヘッダー ファイル\engine\math</Filter>
    </ClInclude>
    <ClInclude Include="engine\math\MyMath.h">
      <Filter>ヘッダー ファイル\engine\math</Filter>
    </ClInclude>
    <ClInclude Include="engine\math\Transform.h">
      <Filter>ヘッダー ファイル\engine\math</Filter>
    </ClInclude>
    <ClInclude Include="engine\math\Vector2.h">
      <Filter>ヘッダー ファイル\engine\math</Filter>
    </ClInclude>
    <ClInclude Include="engine\math\Vector3.h">
      <Filter>ヘッダー ファイル\engine\math</Filter>
    </ClInclude>
    <ClInclude Include="engine\math\Vector4.h">
      <Filter>ヘッダー ファイル\engine\math</Filter>
    </ClInclude>
    <ClInclude Include="game\enemy\Enemy.h">
      <Filter>ヘッダー ファイル\application\enemy</Filter>
    </ClInclude>
    <ClInclude Include="game\enemy\EnemyBullet.h">
      <Filter>ヘッダー ファイル\application\enemy</Filter>
    </ClInclude>
    <ClInclude Include="game\manager\CollisionManager.h">
      <Filter>ヘッダー ファイル\application\manager</Filter>
    </ClInclude>
    <ClInclude Include="engine\manager\FadeManager.h">
      <Filter>ヘッダー ファイル\application\manager</Filter>
    </ClInclude>
    <ClInclude Include="game\platform\Platform.h">
      <Filter>ヘッダー ファイル\application\platform</Filter>
    </ClInclude>
    <ClInclude Include="game\player\Player.h">
      <Filter>ヘッダー ファイル\application\player</Filter>
    </ClInclude>
    <ClInclude Include="game\player\playerBullet.h">
      <Filter>ヘッダー ファイル\application\player</Filter>
    </ClInclude>
    <ClInclude Include="game\scene\GameClearScene.h">
      <Filter>ヘッダー ファイル\application\scene</Filter>
    </ClInclude>
    <ClInclude Include="game\scene\GameScene.h">
      <Filter>ヘッダー ファイル\application\scene</Filter>
    </ClInclude>
    <ClInclude Include="game\scene\GameSelectScene.h">
      <Filter>ヘッダー ファイル\application\scene</Filter>
    </ClInclude>
    <ClInclude Include="game\scene\TitleScene.h">
      <Filter>ヘッダー ファイル\application\scene</Filter>
    </ClInclude>
    <ClInclude Include="game\skybox\Skybox.h">
      <Filter>ヘッダー ファイル\application\skybox</Filter>
    </ClInclude>
    <ClInclude Include="game\skydome\Skydome.h">
      <Filter>ヘッダー ファイル\application\skydome</Filter>
    </ClInclude>
    <ClInclude Include="game\titleObject\TitleObject.h">
      <Filter>ヘッダー ファイル\application\titleobject</Filter>
    </ClInclude>
    <ClInclude Include="engine\math\WorldTransform.h">
      <Filter>ヘッダー ファイル\engine\math</Filter>
    </ClInclude>
    <ClInclude Include="game\fade\Fade.h">
      <Filter>ヘッダー ファイル\application\fade</Filter>
    </ClInclude>
    <ClInclude Include="game\railcamera\RailCamera.h">
      <Filter>ヘッダー ファイル</Filter>
    </ClInclude>
    <ClInclude Include="game\scene\GameOverScene.h">
      <Filter>ヘッダー ファイル</Filter>
    </ClInclude>
  </ItemGroup>
  <ItemGroup>
    <Text Include="externals\imgui\LICENSE.txt" />
  </ItemGroup>
  <ItemGroup>
    <None Include="resources\shaders\Fullscreen.hlsli">
      <Filter>シェーダーファイル</Filter>
    </None>
    <None Include="resources\shaders\Object3d.hlsli">
      <Filter>シェーダーファイル</Filter>
    </None>
    <None Include="resources\shaders\Particle.hlsli">
      <Filter>シェーダーファイル</Filter>
    </None>
    <None Include="resources\shaders\Skybox.hlsli">
      <Filter>シェーダーファイル</Filter>
    </None>
    <None Include="resources\shaders\Sprite.hlsli">
      <Filter>シェーダーファイル</Filter>
    </None>
  </ItemGroup>
  <ItemGroup>
    <FxCompile Include="resources\shaders\BoxFilter.PS.hlsl">
      <Filter>シェーダーファイル</Filter>
    </FxCompile>
    <FxCompile Include="resources\shaders\Fullscreen.PS.hlsl">
      <Filter>シェーダーファイル</Filter>
    </FxCompile>
    <FxCompile Include="resources\shaders\Fullscreen.VS.hlsl">
      <Filter>シェーダーファイル</Filter>
    </FxCompile>
    <FxCompile Include="resources\shaders\GaussianFilter.PS.hlsl">
      <Filter>シェーダーファイル</Filter>
    </FxCompile>
    <FxCompile Include="resources\shaders\Grayscale.PS.hlsl">
      <Filter>シェーダーファイル</Filter>
    </FxCompile>
    <FxCompile Include="resources\shaders\Object3d.PS.hlsl">
      <Filter>シェーダーファイル</Filter>
    </FxCompile>
    <FxCompile Include="resources\shaders\Object3d.VS.hlsl">
      <Filter>シェーダーファイル</Filter>
    </FxCompile>
    <FxCompile Include="resources\shaders\Object3dEnvironment.PS.hlsl">
      <Filter>シェーダーファイル</Filter>
    </FxCompile>
    <FxCompile Include="resources\shaders\Particle.VS.hlsl">
      <Filter>シェーダーファイル</Filter>
    </FxCompile>
    <FxCompile Include="resources\shaders\Particle.PS.hlsl">
      <Filter>シェーダーファイル</Filter>
    </FxCompile>
    <FxCompile Include="resources\shaders\Skybox.PS.hlsl">
      <Filter>シェーダーファイル</Filter>
    </FxCompile>
    <FxCompile Include="resources\shaders\Skybox.VS.hlsl">
      <Filter>シェーダーファイル</Filter>
    </FxCompile>
    <FxCompile Include="resources\shaders\Sprite.PS.hlsl">
      <Filter>シェーダーファイル</Filter>
    </FxCompile>
    <FxCompile Include="resources\shaders\Sprite.VS.hlsl">
      <Filter>シェーダーファイル</Filter>
    </FxCompile>
    <FxCompile Include="resources\shaders\Vignette.PS.hlsl">
      <Filter>シェーダーファイル</Filter>
    </FxCompile>
  </ItemGroup>
</Project>