
Microsoft Visual Studio Solution File, Format Version 12.00
# Visual Studio Version 17
VisualStudioVersion = 17.9.34728.123
MinimumVisualStudioVersion = 10.0.40219.1
Project("{8BC9CEB8-8B4A-11D0-8D11-00A0C91BC942}") = "CG2 directX", "CG2 directX.vcxproj", "{16AB4325-BC09-49D2-BAD9-B06FA7FA2717}"
EndProject
Project("{2150E333-8FDC-42A3-9474-1A3956D46DE8}") = "ソリューション項目", "ソリューション項目", "{D5539A35-FBEA-4569-ABCE-48A851AF10ED}"
	ProjectSection(SolutionItems) = preProject
		.editorconfig = .editorconfig
		resources\shaders\Object3d.hlsli = resources\shaders\Object3d.hlsli
		resources\shaders\Object3d.PS.hlsl = resources\shaders\Object3d.PS.hlsl
		resources\shaders\Object3d.VS.hlsl = resources\shaders\Object3d.VS.hlsl
	EndProjectSection
EndProject
Project("{8BC9CEB8-8B4A-11D0-8D11-00A0C91BC942}") = "DirectXTex", "externals\DirectXTex\DirectXTex_Desktop_2022_Win10.vcxproj", "{371B9FA9-4C90-4AC6-A123-ACED756D6C77}"
EndProject
Project("{8BC9CEB8-8B4A-11D0-8D11-00A0C91BC942}") = "imgui", "imgui\imgui.vcxproj", "{CCA35571-74B4-4698-803F-CB776A022FD4}"
EndProject
Global
	GlobalSection(SolutionConfigurationPlatforms) = preSolution
		Debug|x64 = Debug|x64
		Debug|x86 = Debug|x86
		Profile|x64 = Profile|x64
		Profile|x86 = Profile|x86
		Release|x64 = Release|x64
		Release|x86 = Release|x86
	EndGlobalSection
	GlobalSection(ProjectConfigurationPlatforms) = postSolution
		{16AB4325-BC09-49D2-BAD9-B06FA7FA2717}.Debug|x64.ActiveCfg = Debug|x64
		{16AB4325-BC09-49D2-BAD9-B06FA7FA2717}.Debug|x64.Build.0 = Debug|x64
		{16AB4325-BC09-49D2-BAD9-B06FA7FA2717}.Debug|x86.ActiveCfg = Debug|x64
		{16AB4325-BC09-49D2-BAD9-B06FA7FA2717}.Debug|x86.Build.0 = Debug|x64
		{16AB4325-BC09-49D2-BAD9-B06FA7FA2717}.Profile|x64.ActiveCfg = Release|x64
		{16AB4325-BC09-49D2-BAD9-B06FA7FA2717}.Profile|x64.Build.0 = Release|x64
		{16AB4325-BC09-49D2-BAD9-B06FA7FA2717}.Profile|x86.ActiveCfg = Release|x64
		{16AB4325-BC09-49D2-BAD9-B06FA7FA2717}.Profile|x86.Build.0 = Release|x64
		{16AB4325-BC09-49D2-BAD9-B06FA7FA2717}.Release|x64.ActiveCfg = Release|x64
		{16AB4325-BC09-49D2-BAD9-B06FA7FA2717}.Release|x64.Build.0 = Release|x64
		{16AB4325-BC09-49D2-BAD9-B06FA7FA2717}.Release|x86.ActiveCfg = Release|x64
		{16AB4325-BC09-49D2-BAD9-B06FA7FA2717}.Release|x86.Build.0 = Release|x64
		{371B9FA9-4C90-4AC6-A123-ACED756D6C77}.Debug|x64.ActiveCfg = Debug|x64
		{371B9FA9-4C90-4AC6-A123-ACED756D6C77}.Debug|x64.Build.0 = Debug|x64
		{371B9FA9-4C90-4AC6-A123-ACED756D6C77}.Debug|x86.ActiveCfg = Debug|Win32
		{371B9FA9-4C90-4AC6-A123-ACED756D6C77}.Debug|x86.Build.0 = Debug|Win32
		{371B9FA9-4C90-4AC6-A123-ACED756D6C77}.Profile|x64.ActiveCfg = Profile|x64
		{371B9FA9-4C90-4AC6-A123-ACED756D6C77}.Profile|x64.Build.0 = Profile|x64
		{371B9FA9-4C90-4AC6-A123-ACED756D6C77}.Profile|x86.ActiveCfg = Profile|Win32
		{371B9FA9-4C90-4AC6-A123-ACED756D6C77}.Profile|x86.Build.0 = Profile|Win32
		{371B9FA9-4C90-4AC6-A123-ACED756D6C77}.Release|x64.ActiveCfg = Release|x64
		{371B9FA9-4C90-4AC6-A123-ACED756D6C77}.Release|x64.Build.0 = Release|x64
		{371B9FA9-4C90-4AC6-A123-ACED756D6C77}.Release|x86.ActiveCfg = Release|Win32
		{371B9FA9-4C90-4AC6-A123-ACED756D6C77}.Release|x86.Build.0 = Release|Win32
		{CCA35571-74B4-4698-803F-CB776A022FD4}.Debug|x64.ActiveCfg = Debug|x64
		{CCA35571-74B4-4698-803F-CB776A022FD4}.Debug|x64.Build.0 = Debug|x64
		{CCA35571-74B4-4698-803F-CB776A022FD4}.Debug|x86.ActiveCfg = Debug|Win32
		{CCA35571-74B4-4698-803F-CB776A022FD4}.Debug|x86.Build.0 = Debug|Win32
		{CCA35571-74B4-4698-803F-CB776A022FD4}.Profile|x64.ActiveCfg = Debug|x64
		{CCA35571-74B4-4698-803F-CB776A022FD4}.Profile|x64.Build.0 = Debug|x64
		{CCA35571-74B4-4698-803F-CB776A022FD4}.Profile|x86.ActiveCfg = Debug|Win32
		{CCA35571-74B4-4698-803F-CB776A022FD4}.Profile|x86.Build.0 = Debug|Win32
		{CCA35571-74B4-4698-803F-CB776A022FD4}.Release|x64.ActiveCfg = Release|x64
		{CCA35571-74B4-4698-803F-CB776A022FD4}.Release|x64.Build.0 = Release|x64
		{CCA35571-74B4-4698-803F-CB776A022FD4}.Release|x86.ActiveCfg = Release|Win32
		{CCA35571-74B4-4698-803F-CB776A022FD4}.Release|x86.Build.0 = Release|Win32
	EndGlobalSection
	GlobalSection(SolutionProperties) = preSolution
		HideSolutionNode = FALSE
	EndGlobalSection
	GlobalSection(ExtensibilityGlobals) = postSolution
		SolutionGuid = {D02400EC-5AE9-4DFF-9AA2-EF077B210A55}
	EndGlobalSection
EndGlobal
